
Microsoft Visual Studio Solution File, Format Version 12.00
# Visual Studio Version 17
VisualStudioVersion = 17.0.31903.59
MinimumVisualStudioVersion = 10.0.40219.1
Project("{FAE04EC0-301F-11D3-BF4B-00C04F79EFBC}") = "TradingService.Tests", "TradingService.Tests\TradingService.Tests.csproj", "{A452D99F-77C3-A673-0E0E-03C08D6B86F6}"
EndProject
Project("{FAE04EC0-301F-11D3-BF4B-00C04F79EFBC}") = "TradingService.Api", "TradingService.Api\TradingService.Api.csproj", "{B9E8B230-70CE-686B-2629-9356E141E5B7}"
EndProject
Project("{FAE04EC0-301F-11D3-BF4B-00C04F79EFBC}") = "TradingService.Consumer", "TradingService.Consumer\TradingService.Consumer.csproj", "{92163C4F-7BB4-4F56-0B6A-F42FF54CC207}"
EndProject
Project("{FAE04EC0-301F-11D3-BF4B-00C04F79EFBC}") = "TradingService.Core", "TradingService.Core\TradingService.Core.csproj", "{D228B8C3-7540-1716-C322-0EF3B58D9EB9}"
EndProject
Project("{FAE04EC0-301F-11D3-BF4B-00C04F79EFBC}") = "TradingService.Infrastructure", "TradingService.Infrastructure\TradingService.Infrastructure.csproj", "{A2346D37-22EA-E71B-C6D2-975D731A0AF3}"
EndProject
Global
	GlobalSection(SolutionConfigurationPlatforms) = preSolution
		Debug|Any CPU = Debug|Any CPU
		Release|Any CPU = Release|Any CPU
	EndGlobalSection
	GlobalSection(ProjectConfigurationPlatforms) = postSolution
		{A452D99F-77C3-A673-0E0E-03C08D6B86F6}.Debug|Any CPU.ActiveCfg = Debug|Any CPU
		{A452D99F-77C3-A673-0E0E-03C08D6B86F6}.Debug|Any CPU.Build.0 = Debug|Any CPU
		{A452D99F-77C3-A673-0E0E-03C08D6B86F6}.Release|Any CPU.ActiveCfg = Release|Any CPU
		{A452D99F-77C3-A673-0E0E-03C08D6B86F6}.Release|Any CPU.Build.0 = Release|Any CPU
		{B9E8B230-70CE-686B-2629-9356E141E5B7}.Debug|Any CPU.ActiveCfg = Debug|Any CPU
		{B9E8B230-70CE-686B-2629-9356E141E5B7}.Debug|Any CPU.Build.0 = Debug|Any CPU
		{B9E8B230-70CE-686B-2629-9356E141E5B7}.Release|Any CPU.ActiveCfg = Release|Any CPU
		{B9E8B230-70CE-686B-2629-9356E141E5B7}.Release|Any CPU.Build.0 = Release|Any CPU
		{92163C4F-7BB4-4F56-0B6A-F42FF54CC207}.Debug|Any CPU.ActiveCfg = Debug|Any CPU
		{92163C4F-7BB4-4F56-0B6A-F42FF54CC207}.Debug|Any CPU.Build.0 = Debug|Any CPU
		{92163C4F-7BB4-4F56-0B6A-F42FF54CC207}.Release|Any CPU.ActiveCfg = Release|Any CPU
		{92163C4F-7BB4-4F56-0B6A-F42FF54CC207}.Release|Any CPU.Build.0 = Release|Any CPU
		{D228B8C3-7540-1716-C322-0EF3B58D9EB9}.Debug|Any CPU.ActiveCfg = Debug|Any CPU
		{D228B8C3-7540-1716-C322-0EF3B58D9EB9}.Debug|Any CPU.Build.0 = Debug|Any CPU
		{D228B8C3-7540-1716-C322-0EF3B58D9EB9}.Release|Any CPU.ActiveCfg = Release|Any CPU
		{D228B8C3-7540-1716-C322-0EF3B58D9EB9}.Release|Any CPU.Build.0 = Release|Any CPU
		{A2346D37-22EA-E71B-C6D2-975D731A0AF3}.Debug|Any CPU.ActiveCfg = Debug|Any CPU
		{A2346D37-22EA-E71B-C6D2-975D731A0AF3}.Debug|Any CPU.Build.0 = Debug|Any CPU
		{A2346D37-22EA-E71B-C6D2-975D731A0AF3}.Release|Any CPU.ActiveCfg = Release|Any CPU
		{A2346D37-22EA-E71B-C6D2-975D731A0AF3}.Release|Any CPU.Build.0 = Release|Any CPU
	EndGlobalSection
	GlobalSection(SolutionProperties) = preSolution
		HideSolutionNode = FALSE
	EndGlobalSection
	GlobalSection(ExtensibilityGlobals) = postSolution
		SolutionGuid = {F26E4876-0F47-46FE-A493-79652DE3DEC1}
	EndGlobalSection
EndGlobal
